<?xml version="1.0" encoding="utf-8"?>
<Project ToolsVersion="4.0" xmlns="http://schemas.microsoft.com/developer/msbuild/2003">
  <ItemGroup>
    <ClCompile Include="base64.h">
      <Filter>Header Files</Filter>
    </ClCompile>
    <ClCompile Include="Sock.cpp">
      <Filter>Source Files</Filter>
    </ClCompile>
    <ClCompile Include="DBCon.cpp">
      <Filter>Source Files</Filter>
    </ClCompile>
    <ClCompile Include="Server.cpp">
      <Filter>Source Files</Filter>
    </ClCompile>
  </ItemGroup>
  <ItemGroup>
    <ClInclude Include="Common.h">
      <Filter>Header Files</Filter>
    </ClInclude>
    <ClInclude Include="DBCon.h">
      <Filter>Header Files</Filter>
    </ClInclude>
    <ClInclude Include="Server.h">
      <Filter>Header Files</Filter>
    </ClInclude>
    <ClInclude Include="Sock.h">
      <Filter>Header Files</Filter>
    </ClInclude>
    <ClInclude Include="SockInterface.h">
      <Filter>Header Files</Filter>
    </ClInclude>
  </ItemGroup>
  <ItemGroup>
    <Filter Include="Header Files">
      <UniqueIdentifier>{b7a5051c-bdb0-41ef-baa8-b3bcef5a7c42}</UniqueIdentifier>
    </Filter>
    <Filter Include="Source Files">
      <UniqueIdentifier>{241d684f-922f-4ab7-84db-e3703bde6269}</UniqueIdentifier>
    </Filter>
  </ItemGroup>
</Project>